
Microsoft Visual Studio Solution File, Format Version 12.00
# Visual Studio 15
VisualStudioVersion = 15.0.28307.960
MinimumVisualStudioVersion = 10.0.40219.1
Project("{8BC9CEB8-8B4A-11D0-8D11-00A0C91BC942}") = "BallBounce", "BallBounce\BallBounce.vcxproj", "{FE15010C-7DC7-4BE3-B804-F9752B16C32C}"
EndProject
Global
	GlobalSection(SolutionConfigurationPlatforms) = preSolution
		Debug|x64 = Debug|x64
		Debug|x86 = Debug|x86
		Release|x64 = Release|x64
		Release|x86 = Release|x86
	EndGlobalSection
	GlobalSection(ProjectConfigurationPlatforms) = postSolution
		{FE15010C-7DC7-4BE3-B804-F9752B16C32C}.Debug|x64.ActiveCfg = Debug|x64
		{FE15010C-7DC7-4BE3-B804-F9752B16C32C}.Debug|x64.Build.0 = Debug|x64
		{FE15010C-7DC7-4BE3-B804-F9752B16C32C}.Debug|x86.ActiveCfg = Debug|Win32
		{FE15010C-7DC7-4BE3-B804-F9752B16C32C}.Debug|x86.Build.0 = Debug|Win32
		{FE15010C-7DC7-4BE3-B804-F9752B16C32C}.Release|x64.ActiveCfg = Release|x64
		{FE15010C-7DC7-4BE3-B804-F9752B16C32C}.Release|x64.Build.0 = Release|x64
		{FE15010C-7DC7-4BE3-B804-F9752B16C32C}.Release|x86.ActiveCfg = Release|Win32
		{FE15010C-7DC7-4BE3-B804-F9752B16C32C}.Release|x86.Build.0 = Release|Win32
	EndGlobalSection
	GlobalSection(SolutionProperties) = preSolution
		HideSolutionNode = FALSE
	EndGlobalSection
	GlobalSection(ExtensibilityGlobals) = postSolution
		SolutionGuid = {915C83AE-B3BE-4416-8638-D2254E79AD8B}
	EndGlobalSection
EndGlobal
